
Microsoft Visual Studio Solution File, Format Version 12.00
# Visual Studio Version 17
VisualStudioVersion = 17.6.33829.357
MinimumVisualStudioVersion = 10.0.40219.1
Project("{9A19103F-16F7-4668-BE54-9A1E7A4F7556}") = "StrykerNullBug", "StrykerNullBug\StrykerNullBug.csproj", "{A9FC6A49-A8B5-404D-B2ED-E8DAED34F463}"
EndProject
Project("{FAE04EC0-301F-11D3-BF4B-00C04F79EFBC}") = "StrykerNullBug.Tests", "StrykerNullBug.Tests\StrykerNullBug.Tests.csproj", "{0AD5E87A-76F8-46A4-B44F-A9AEFE4F1456}"
EndProject
Global
	GlobalSection(SolutionConfigurationPlatforms) = preSolution
		Debug|Any CPU = Debug|Any CPU
		Release|Any CPU = Release|Any CPU
	EndGlobalSection
	GlobalSection(ProjectConfigurationPlatforms) = postSolution
		{A9FC6A49-A8B5-404D-B2ED-E8DAED34F463}.Debug|Any CPU.ActiveCfg = Debug|Any CPU
		{A9FC6A49-A8B5-404D-B2ED-E8DAED34F463}.Debug|Any CPU.Build.0 = Debug|Any CPU
		{A9FC6A49-A8B5-404D-B2ED-E8DAED34F463}.Release|Any CPU.ActiveCfg = Release|Any CPU
		{A9FC6A49-A8B5-404D-B2ED-E8DAED34F463}.Release|Any CPU.Build.0 = Release|Any CPU
		{0AD5E87A-76F8-46A4-B44F-A9AEFE4F1456}.Debug|Any CPU.ActiveCfg = Debug|Any CPU
		{0AD5E87A-76F8-46A4-B44F-A9AEFE4F1456}.Debug|Any CPU.Build.0 = Debug|Any CPU
		{0AD5E87A-76F8-46A4-B44F-A9AEFE4F1456}.Release|Any CPU.ActiveCfg = Release|Any CPU
		{0AD5E87A-76F8-46A4-B44F-A9AEFE4F1456}.Release|Any CPU.Build.0 = Release|Any CPU
	EndGlobalSection
	GlobalSection(SolutionProperties) = preSolution
		HideSolutionNode = FALSE
	EndGlobalSection
	GlobalSection(ExtensibilityGlobals) = postSolution
		SolutionGuid = {743F6B71-50E6-4A81-8E56-505348D56777}
	EndGlobalSection
EndGlobal
